
Microsoft Visual Studio Solution File, Format Version 12.00
# Visual Studio 15
VisualStudioVersion = 15.0.28010.2048
MinimumVisualStudioVersion = 10.0.40219.1
Project("{FAE04EC0-301F-11D3-BF4B-00C04F79EFBC}") = "Promotion_Engine", "Promotion_Engine\Promotion_Engine.csproj", "{99DBC1CF-AE53-4614-BF79-20D4713DE321}"
EndProject
Global
	GlobalSection(SolutionConfigurationPlatforms) = preSolution
		Debug|Any CPU = Debug|Any CPU
		Release|Any CPU = Release|Any CPU
	EndGlobalSection
	GlobalSection(ProjectConfigurationPlatforms) = postSolution
		{99DBC1CF-AE53-4614-BF79-20D4713DE321}.Debug|Any CPU.ActiveCfg = Debug|Any CPU
		{99DBC1CF-AE53-4614-BF79-20D4713DE321}.Debug|Any CPU.Build.0 = Debug|Any CPU
		{99DBC1CF-AE53-4614-BF79-20D4713DE321}.Release|Any CPU.ActiveCfg = Release|Any CPU
		{99DBC1CF-AE53-4614-BF79-20D4713DE321}.Release|Any CPU.Build.0 = Release|Any CPU
	EndGlobalSection
	GlobalSection(SolutionProperties) = preSolution
		HideSolutionNode = FALSE
	EndGlobalSection
	GlobalSection(ExtensibilityGlobals) = postSolution
		SolutionGuid = {F3C345AC-1923-47BB-949A-D14A6C4A931E}
	EndGlobalSection
EndGlobal
