
Microsoft Visual Studio Solution File, Format Version 12.00
# Visual Studio 15
VisualStudioVersion = 15.0.28307.1267
MinimumVisualStudioVersion = 10.0.40219.1
Project("{9A19103F-16F7-4668-BE54-9A1E7A4F7556}") = "PromotionEngineAPI", "PromotionEngineAPI\PromotionEngineAPI.csproj", "{3E31BB05-D544-4BC2-BBAC-C7F68ED6CFC4}"
EndProject
Project("{2150E333-8FDC-42A3-9474-1A3956D46DE8}") = "Data Access Layer", "Data Access Layer", "{36ECA374-4591-4B3C-BB66-98929750691B}"
EndProject
Project("{9A19103F-16F7-4668-BE54-9A1E7A4F7556}") = "Calculate Price", "Calculate Price\Calculate Price.csproj", "{6155204E-38B6-4C65-BC60-A056E8650C02}"
EndProject
Project("{2150E333-8FDC-42A3-9474-1A3956D46DE8}") = "Business Logic", "Business Logic", "{98042670-1C48-441B-8067-9A9A62B7D9AE}"
EndProject
Project("{FAE04EC0-301F-11D3-BF4B-00C04F79EFBC}") = "Dal", "Dal\Dal.csproj", "{46FDB63F-E323-48CC-BAB2-A2CEE73965F7}"
EndProject
Global
	GlobalSection(SolutionConfigurationPlatforms) = preSolution
		Debug|Any CPU = Debug|Any CPU
		Release|Any CPU = Release|Any CPU
	EndGlobalSection
	GlobalSection(ProjectConfigurationPlatforms) = postSolution
		{3E31BB05-D544-4BC2-BBAC-C7F68ED6CFC4}.Debug|Any CPU.ActiveCfg = Debug|Any CPU
		{3E31BB05-D544-4BC2-BBAC-C7F68ED6CFC4}.Debug|Any CPU.Build.0 = Debug|Any CPU
		{3E31BB05-D544-4BC2-BBAC-C7F68ED6CFC4}.Release|Any CPU.ActiveCfg = Release|Any CPU
		{3E31BB05-D544-4BC2-BBAC-C7F68ED6CFC4}.Release|Any CPU.Build.0 = Release|Any CPU
		{6155204E-38B6-4C65-BC60-A056E8650C02}.Debug|Any CPU.ActiveCfg = Debug|Any CPU
		{6155204E-38B6-4C65-BC60-A056E8650C02}.Debug|Any CPU.Build.0 = Debug|Any CPU
		{6155204E-38B6-4C65-BC60-A056E8650C02}.Release|Any CPU.ActiveCfg = Release|Any CPU
		{6155204E-38B6-4C65-BC60-A056E8650C02}.Release|Any CPU.Build.0 = Release|Any CPU
		{46FDB63F-E323-48CC-BAB2-A2CEE73965F7}.Debug|Any CPU.ActiveCfg = Debug|Any CPU
		{46FDB63F-E323-48CC-BAB2-A2CEE73965F7}.Debug|Any CPU.Build.0 = Debug|Any CPU
		{46FDB63F-E323-48CC-BAB2-A2CEE73965F7}.Release|Any CPU.ActiveCfg = Release|Any CPU
		{46FDB63F-E323-48CC-BAB2-A2CEE73965F7}.Release|Any CPU.Build.0 = Release|Any CPU
	EndGlobalSection
	GlobalSection(SolutionProperties) = preSolution
		HideSolutionNode = FALSE
	EndGlobalSection
	GlobalSection(NestedProjects) = preSolution
		{6155204E-38B6-4C65-BC60-A056E8650C02} = {98042670-1C48-441B-8067-9A9A62B7D9AE}
		{46FDB63F-E323-48CC-BAB2-A2CEE73965F7} = {36ECA374-4591-4B3C-BB66-98929750691B}
	EndGlobalSection
	GlobalSection(ExtensibilityGlobals) = postSolution
		SolutionGuid = {A8C4B797-067E-4E1A-AFD1-542A81B44544}
	EndGlobalSection
EndGlobal
